
Microsoft Visual Studio Solution File, Format Version 12.00
# Visual Studio 15
VisualStudioVersion = 15.0.28307.136
MinimumVisualStudioVersion = 10.0.40219.1
Project("{FAE04EC0-301F-11D3-BF4B-00C04F79EFBC}") = "InvoiceProcessing", "InvoiceProcessing\InvoiceProcessing.csproj", "{6903375F-F462-4E4E-AB2F-34407136B150}"
EndProject
Global
	GlobalSection(SolutionConfigurationPlatforms) = preSolution
		Debug|Any CPU = Debug|Any CPU
		Release|Any CPU = Release|Any CPU
	EndGlobalSection
	GlobalSection(ProjectConfigurationPlatforms) = postSolution
		{6903375F-F462-4E4E-AB2F-34407136B150}.Debug|Any CPU.ActiveCfg = Debug|Any CPU
		{6903375F-F462-4E4E-AB2F-34407136B150}.Debug|Any CPU.Build.0 = Debug|Any CPU
		{6903375F-F462-4E4E-AB2F-34407136B150}.Release|Any CPU.ActiveCfg = Release|Any CPU
		{6903375F-F462-4E4E-AB2F-34407136B150}.Release|Any CPU.Build.0 = Release|Any CPU
	EndGlobalSection
	GlobalSection(SolutionProperties) = preSolution
		HideSolutionNode = FALSE
	EndGlobalSection
	GlobalSection(ExtensibilityGlobals) = postSolution
		SolutionGuid = {E6760925-753B-43A4-9663-DFB44F18AE06}
	EndGlobalSection
EndGlobal
